// !$*UTF8*$!
{
	archiveVersion = 1;
	classes = {
	};
	objectVersion = 46;
	objects = {

/* Begin PBXBuildFile section */
		71B57CB719C7770E00EF6AE3 /* main.m in Sources */ = {isa = PBXBuildFile; fileRef = 71B57CB619C7770E00EF6AE3 /* main.m */; };
		71B57CBA19C7770E00EF6AE3 /* AppDelegate.m in Sources */ = {isa = PBXBuildFile; fileRef = 71B57CB919C7770E00EF6AE3 /* AppDelegate.m */; };
		71B57CBC19C7770E00EF6AE3 /* Images.xcassets in Resources */ = {isa = PBXBuildFile; fileRef = 71B57CBB19C7770E00EF6AE3 /* Images.xcassets */; };
		71B57CCB19C7770E00EF6AE3 /* BePersistentTests.m in Sources */ = {isa = PBXBuildFile; fileRef = 71B57CCA19C7770E00EF6AE3 /* BePersistentTests.m */; };
		71B57CE119C77B6500EF6AE3 /* PersistentViewController.m in Sources */ = {isa = PBXBuildFile; fileRef = 71B57CDF19C77B6500EF6AE3 /* PersistentViewController.m */; };
		71B57CE219C77B6500EF6AE3 /* PersistentViewController.xib in Resources */ = {isa = PBXBuildFile; fileRef = 71B57CE019C77B6500EF6AE3 /* PersistentViewController.xib */; };
/* End PBXBuildFile section */

/* Begin PBXContainerItemProxy section */
		71B57CC519C7770E00EF6AE3 /* PBXContainerItemProxy */ = {
			isa = PBXContainerItemProxy;
			containerPortal = 71B57CA919C7770E00EF6AE3 /* Project object */;
			proxyType = 1;
			remoteGlobalIDString = 71B57CB019C7770E00EF6AE3;
			remoteInfo = BePersistent;
		};
/* End PBXContainerItemProxy section */

/* Begin PBXFileReference section */
		71B57CB119C7770E00EF6AE3 /* BePersistent.app */ = {isa = PBXFileReference; explicitFileType = wrapper.application; includeInIndex = 0; path = BePersistent.app; sourceTree = BUILT_PRODUCTS_DIR; };
		71B57CB519C7770E00EF6AE3 /* Info.plist */ = {isa = PBXFileReference; lastKnownFileType = text.plist.xml; path = Info.plist; sourceTree = "<group>"; };
		71B57CB619C7770E00EF6AE3 /* main.m */ = {isa = PBXFileReference; lastKnownFileType = sourcecode.c.objc; path = main.m; sourceTree = "<group>"; };
		71B57CB819C7770E00EF6AE3 /* AppDelegate.h */ = {isa = PBXFileReference; lastKnownFileType = sourcecode.c.h; path = AppDelegate.h; sourceTree = "<group>"; };
		71B57CB919C7770E00EF6AE3 /* AppDelegate.m */ = {isa = PBXFileReference; lastKnownFileType = sourcecode.c.objc; path = AppDelegate.m; sourceTree = "<group>"; };
		71B57CBB19C7770E00EF6AE3 /* Images.xcassets */ = {isa = PBXFileReference; lastKnownFileType = folder.assetcatalog; path = Images.xcassets; sourceTree = "<group>"; };
		71B57CC419C7770E00EF6AE3 /* BePersistentTests.xctest */ = {isa = PBXFileReference; explicitFileType = wrapper.cfbundle; includeInIndex = 0; path = BePersistentTests.xctest; sourceTree = BUILT_PRODUCTS_DIR; };
		71B57CC919C7770E00EF6AE3 /* Info.plist */ = {isa = PBXFileReference; lastKnownFileType = text.plist.xml; path = Info.plist; sourceTree = "<group>"; };
		71B57CCA19C7770E00EF6AE3 /* BePersistentTests.m */ = {isa = PBXFileReference; lastKnownFileType = sourcecode.c.objc; path = BePersistentTests.m; sourceTree = "<group>"; };
		71B57CDE19C77B6500EF6AE3 /* PersistentViewController.h */ = {isa = PBXFileReference; fileEncoding = 4; lastKnownFileType = sourcecode.c.h; path = PersistentViewController.h; sourceTree = "<group>"; };
		71B57CDF19C77B6500EF6AE3 /* PersistentViewController.m */ = {isa = PBXFileReference; fileEncoding = 4; lastKnownFileType = sourcecode.c.objc; path = PersistentViewController.m; sourceTree = "<group>"; };
		71B57CE019C77B6500EF6AE3 /* PersistentViewController.xib */ = {isa = PBXFileReference; fileEncoding = 4; lastKnownFileType = file.xib; path = PersistentViewController.xib; sourceTree = "<group>"; };
/* End PBXFileReference section */

/* Begin PBXFrameworksBuildPhase section */
		71B57CAE19C7770E00EF6AE3 /* Frameworks */ = {
			isa = PBXFrameworksBuildPhase;
			buildActionMask = 2147483647;
			files = (
			);
			runOnlyForDeploymentPostprocessing = 0;
		};
		71B57CC119C7770E00EF6AE3 /* Frameworks */ = {
			isa = PBXFrameworksBuildPhase;
			buildActionMask = 2147483647;
			files = (
			);
			runOnlyForDeploymentPostprocessing = 0;
		};
/* End PBXFrameworksBuildPhase section */

/* Begin PBXGroup section */
		71B57CA819C7770E00EF6AE3 = {
			isa = PBXGroup;
			children = (
				71B57CB319C7770E00EF6AE3 /* BePersistent */,
				71B57CC719C7770E00EF6AE3 /* BePersistentTests */,
				71B57CB219C7770E00EF6AE3 /* Products */,
			);
			sourceTree = "<group>";
		};
		71B57CB219C7770E00EF6AE3 /* Products */ = {
			isa = PBXGroup;
			children = (
				71B57CB119C7770E00EF6AE3 /* BePersistent.app */,
				71B57CC419C7770E00EF6AE3 /* BePersistentTests.xctest */,
			);
			name = Products;
			sourceTree = "<group>";
		};
		71B57CB319C7770E00EF6AE3 /* BePersistent */ = {
			isa = PBXGroup;
			children = (
				71B57CB819C7770E00EF6AE3 /* AppDelegate.h */,
				71B57CB919C7770E00EF6AE3 /* AppDelegate.m */,
				71B57CDE19C77B6500EF6AE3 /* PersistentViewController.h */,
				71B57CDF19C77B6500EF6AE3 /* PersistentViewController.m */,
				71B57CE019C77B6500EF6AE3 /* PersistentViewController.xib */,
				71B57CBB19C7770E00EF6AE3 /* Images.xcassets */,
				71B57CB419C7770E00EF6AE3 /* Supporting Files */,
			);
			path = BePersistent;
			sourceTree = "<group>";
		};
		71B57CB419C7770E00EF6AE3 /* Supporting Files */ = {
			isa = PBXGroup;
			children = (
				71B57CB519C7770E00EF6AE3 /* Info.plist */,
				71B57CB619C7770E00EF6AE3 /* main.m */,
			);
			name = "Supporting Files";
			sourceTree = "<group>";
		};
		71B57CC719C7770E00EF6AE3 /* BePersistentTests */ = {
			isa = PBXGroup;
			children = (
				71B57CCA19C7770E00EF6AE3 /* BePersistentTests.m */,
				71B57CC819C7770E00EF6AE3 /* Supporting Files */,
			);
			path = BePersistentTests;
			sourceTree = "<group>";
		};
		71B57CC819C7770E00EF6AE3 /* Supporting Files */ = {
			isa = PBXGroup;
			children = (
				71B57CC919C7770E00EF6AE3 /* Info.plist */,
			);
			name = "Supporting Files";
			sourceTree = "<group>";
		};
/* End PBXGroup section */

/* Begin PBXNativeTarget section */
		71B57CB019C7770E00EF6AE3 /* BePersistent */ = {
			isa = PBXNativeTarget;
			buildConfigurationList = 71B57CCE19C7770E00EF6AE3 /* Build configuration list for PBXNativeTarget "BePersistent" */;
			buildPhases = (
				71B57CAD19C7770E00EF6AE3 /* Sources */,
				71B57CAE19C7770E00EF6AE3 /* Frameworks */,
				71B57CAF19C7770E00EF6AE3 /* Resources */,
			);
			buildRules = (
			);
			dependencies = (
			);
			name = BePersistent;
			productName = BePersistent;
			productReference = 71B57CB119C7770E00EF6AE3 /* BePersistent.app */;
			productType = "com.apple.product-type.application";
		};
		71B57CC319C7770E00EF6AE3 /* BePersistentTests */ = {
			isa = PBXNativeTarget;
			buildConfigurationList = 71B57CD119C7770E00EF6AE3 /* Build configuration list for PBXNativeTarget "BePersistentTests" */;
			buildPhases = (
				71B57CC019C7770E00EF6AE3 /* Sources */,
				71B57CC119C7770E00EF6AE3 /* Frameworks */,
				71B57CC219C7770E00EF6AE3 /* Resources */,
			);
			buildRules = (
			);
			dependencies = (
				71B57CC619C7770E00EF6AE3 /* PBXTargetDependency */,
			);
			name = BePersistentTests;
			productName = BePersistentTests;
			productReference = 71B57CC419C7770E00EF6AE3 /* BePersistentTests.xctest */;
			productType = "com.apple.product-type.bundle.unit-test";
		};
/* End PBXNativeTarget section */

/* Begin PBXProject section */
		71B57CA919C7770E00EF6AE3 /* Project object */ = {
			isa = PBXProject;
			attributes = {
				LastUpgradeCheck = 0600;
				ORGANIZATIONNAME = DevMountain;
				TargetAttributes = {
					71B57CB019C7770E00EF6AE3 = {
						CreatedOnToolsVersion = 6.0;
					};
					71B57CC319C7770E00EF6AE3 = {
						CreatedOnToolsVersion = 6.0;
						TestTargetID = 71B57CB019C7770E00EF6AE3;
					};
				};
			};
			buildConfigurationList = 71B57CAC19C7770E00EF6AE3 /* Build configuration list for PBXProject "BePersistent" */;
			compatibilityVersion = "Xcode 3.2";
			developmentRegion = English;
			hasScannedForEncodings = 0;
			knownRegions = (
				en,
				Base,
			);
			mainGroup = 71B57CA819C7770E00EF6AE3;
			productRefGroup = 71B57CB219C7770E00EF6AE3 /* Products */;
			projectDirPath = "";
			projectRoot = "";
			targets = (
				71B57CB019C7770E00EF6AE3 /* BePersistent */,
				71B57CC319C7770E00EF6AE3 /* BePersistentTests */,
			);
		};
/* End PBXProject section */

/* Begin PBXResourcesBuildPhase section */
		71B57CAF19C7770E00EF6AE3 /* Resources */ = {
			isa = PBXResourcesBuildPhase;
			buildActionMask = 2147483647;
			files = (
				71B57CBC19C7770E00EF6AE3 /* Images.xcassets in Resources */,
				71B57CE219C77B6500EF6AE3 /* PersistentViewController.xib in Resources */,
			);
			runOnlyForDeploymentPostprocessing = 0;
		};
		71B57CC219C7770E00EF6AE3 /* Resources */ = {
			isa = PBXResourcesBuildPhase;
			buildActionMask = 2147483647;
			files = (
			);
			runOnlyForDeploymentPostprocessing = 0;
		};
/* End PBXResourcesBuildPhase section */

/* Begin PBXSourcesBuildPhase section */
		71B57CAD19C7770E00EF6AE3 /* Sources */ = {
			isa = PBXSourcesBuildPhase;
			buildActionMask = 2147483647;
			files = (
				71B57CE119C77B6500EF6AE3 /* PersistentViewController.m in Sources */,
				71B57CBA19C7770E00EF6AE3 /* AppDelegate.m in Sources */,
				71B57CB719C7770E00EF6AE3 /* main.m in Sources */,
			);
			runOnlyForDeploymentPostprocessing = 0;
		};
		71B57CC019C7770E00EF6AE3 /* Sources */ = {
			isa = PBXSourcesBuildPhase;
			buildActionMask = 2147483647;
			files = (
				71B57CCB19C7770E00EF6AE3 /* BePersistentTests.m in Sources */,
			);
			runOnlyForDeploymentPostprocessing = 0;
		};
/* End PBXSourcesBuildPhase section */

/* Begin PBXTargetDependency section */
		71B57CC619C7770E00EF6AE3 /* PBXTargetDependency */ = {
			isa = PBXTargetDependency;
			target = 71B57CB019C7770E00EF6AE3 /* BePersistent */;
			targetProxy = 71B57CC519C7770E00EF6AE3 /* PBXContainerItemProxy */;
		};
/* End PBXTargetDependency section */

/* Begin XCBuildConfiguration section */
		71B57CCC19C7770E00EF6AE3 /* Debug */ = {
			isa = XCBuildConfiguration;
			buildSettings = {
				ALWAYS_SEARCH_USER_PATHS = NO;
				CLANG_CXX_LANGUAGE_STANDARD = "gnu++0x";
				CLANG_CXX_LIBRARY = "libc++";
				CLANG_ENABLE_MODULES = YES;
				CLANG_ENABLE_OBJC_ARC = YES;
				CLANG_WARN_BOOL_CONVERSION = YES;
				CLANG_WARN_CONSTANT_CONVERSION = YES;
				CLANG_WARN_DIRECT_OBJC_ISA_USAGE = YES_ERROR;
				CLANG_WARN_EMPTY_BODY = YES;
				CLANG_WARN_ENUM_CONVERSION = YES;
				CLANG_WARN_INT_CONVERSION = YES;
				CLANG_WARN_OBJC_ROOT_CLASS = YES_ERROR;
				CLANG_WARN_UNREACHABLE_CODE = YES;
				CLANG_WARN__DUPLICATE_METHOD_MATCH = YES;
				"CODE_SIGN_IDENTITY[sdk=iphoneos*]" = "iPhone Developer";
				COPY_PHASE_STRIP = NO;
				ENABLE_STRICT_OBJC_MSGSEND = YES;
				GCC_C_LANGUAGE_STANDARD = gnu99;
				GCC_DYNAMIC_NO_PIC = NO;
				GCC_OPTIMIZATION_LEVEL = 0;
				GCC_PREPROCESSOR_DEFINITIONS = (
					"DEBUG=1",
					"$(inherited)",
				);
				GCC_SYMBOLS_PRIVATE_EXTERN = NO;
				GCC_WARN_64_TO_32_BIT_CONVERSION = YES;
				GCC_WARN_ABOUT_RETURN_TYPE = YES_ERROR;
				GCC_WARN_UNDECLARED_SELECTOR = YES;
				GCC_WARN_UNINITIALIZED_AUTOS = YES_AGGRESSIVE;
				GCC_WARN_UNUSED_FUNCTION = YES;
				GCC_WARN_UNUSED_VARIABLE = YES;
				IPHONEOS_DEPLOYMENT_TARGET = 8.0;
				MTL_ENABLE_DEBUG_INFO = YES;
				ONLY_ACTIVE_ARCH = YES;
				SDKROOT = iphoneos;
				TARGETED_DEVICE_FAMILY = "1,2";
			};
			name = Debug;
		};
		71B57CCD19C7770E00EF6AE3 /* Release */ = {
			isa = XCBuildConfiguration;
			buildSettings = {
				ALWAYS_SEARCH_USER_PATHS = NO;
				CLANG_CXX_LANGUAGE_STANDARD = "gnu++0x";
				CLANG_CXX_LIBRARY = "libc++";
				CLANG_ENABLE_MODULES = YES;
				CLANG_ENABLE_OBJC_ARC = YES;
				CLANG_WARN_BOOL_CONVERSION = YES;
				CLANG_WARN_CONSTANT_CONVERSION = YES;
				CLANG_WARN_DIRECT_OBJC_ISA_USAGE = YES_ERROR;
				CLANG_WARN_EMPTY_BODY = YES;
				CLANG_WARN_ENUM_CONVERSION = YES;
				CLANG_WARN_INT_CONVERSION = YES;
				CLANG_WARN_OBJC_ROOT_CLASS = YES_ERROR;
				CLANG_WARN_UNREACHABLE_CODE = YES;
				CLANG_WARN__DUPLICATE_METHOD_MATCH = YES;
				"CODE_SIGN_IDENTITY[sdk=iphoneos*]" = "iPhone Developer";
				COPY_PHASE_STRIP = YES;
				ENABLE_NS_ASSERTIONS = NO;
				ENABLE_STRICT_OBJC_MSGSEND = YES;
				GCC_C_LANGUAGE_STANDARD = gnu99;
				GCC_WARN_64_TO_32_BIT_CONVERSION = YES;
				GCC_WARN_ABOUT_RETURN_TYPE = YES_ERROR;
				GCC_WARN_UNDECLARED_SELECTOR = YES;
				GCC_WARN_UNINITIALIZED_AUTOS = YES_AGGRESSIVE;
				GCC_WARN_UNUSED_FUNCTION = YES;
				GCC_WARN_UNUSED_VARIABLE = YES;
				IPHONEOS_DEPLOYMENT_TARGET = 8.0;
				MTL_ENABLE_DEBUG_INFO = NO;
				SDKROOT = iphoneos;
				TARGETED_DEVICE_FAMILY = "1,2";
				VALIDATE_PRODUCT = YES;
			};
			name = Release;
		};
		71B57CCF19C7770E00EF6AE3 /* Debug */ = {
			isa = XCBuildConfiguration;
			buildSettings = {
				ASSETCATALOG_COMPILER_APPICON_NAME = AppIcon;
				INFOPLIST_FILE = BePersistent/Info.plist;
				LD_RUNPATH_SEARCH_PATHS = "$(inherited) @executable_path/Frameworks";
				PRODUCT_NAME = "$(TARGET_NAME)";
			};
			name = Debug;
		};
		71B57CD019C7770E00EF6AE3 /* Release */ = {
			isa = XCBuildConfiguration;
			buildSettings = {
				ASSETCATALOG_COMPILER_APPICON_NAME = AppIcon;
				INFOPLIST_FILE = BePersistent/Info.plist;
				LD_RUNPATH_SEARCH_PATHS = "$(inherited) @executable_path/Frameworks";
				PRODUCT_NAME = "$(TARGET_NAME)";
			};
			name = Release;
		};
		71B57CD219C7770E00EF6AE3 /* Debug */ = {
			isa = XCBuildConfiguration;
			buildSettings = {
				BUNDLE_LOADER = "$(TEST_HOST)";
				FRAMEWORK_SEARCH_PATHS = (
					"$(SDKROOT)/Developer/Library/Frameworks",
					"$(inherited)",
				);
				GCC_PREPROCESSOR_DEFINITIONS = (
					"DEBUG=1",
					"$(inherited)",
				);
				INFOPLIST_FILE = BePersistentTests/Info.plist;
				LD_RUNPATH_SEARCH_PATHS = "$(inherited) @executable_path/Frameworks @loader_path/Frameworks";
				PRODUCT_NAME = "$(TARGET_NAME)";
				TEST_HOST = "$(BUILT_PRODUCTS_DIR)/BePersistent.app/BePersistent";
			};
			name = Debug;
		};
		71B57CD319C7770E00EF6AE3 /* Release */ = {
			isa = XCBuildConfiguration;
			buildSettings = {
				BUNDLE_LOADER = "$(TEST_HOST)";
				FRAMEWORK_SEARCH_PATHS = (
					"$(SDKROOT)/Developer/Library/Frameworks",
					"$(inherited)",
				);
				INFOPLIST_FILE = BePersistentTests/Info.plist;
				LD_RUNPATH_SEARCH_PATHS = "$(inherited) @executable_path/Frameworks @loader_path/Frameworks";
				PRODUCT_NAME = "$(TARGET_NAME)";
				TEST_HOST = "$(BUILT_PRODUCTS_DIR)/BePersistent.app/BePersistent";
			};
			name = Release;
		};
/* End XCBuildConfiguration section */

/* Begin XCConfigurationList section */
		71B57CAC19C7770E00EF6AE3 /* Build configuration list for PBXProject "BePersistent" */ = {
			isa = XCConfigurationList;
			buildConfigurations = (
				71B57CCC19C7770E00EF6AE3 /* Debug */,
				71B57CCD19C7770E00EF6AE3 /* Release */,
			);
			defaultConfigurationIsVisible = 0;
			defaultConfigurationName = Release;
		};
		71B57CCE19C7770E00EF6AE3 /* Build configuration list for PBXNativeTarget "BePersistent" */ = {
			isa = XCConfigurationList;
			buildConfigurations = (
				71B57CCF19C7770E00EF6AE3 /* Debug */,
				71B57CD019C7770E00EF6AE3 /* Release */,
			);
			defaultConfigurationIsVisible = 0;
		};
		71B57CD119C7770E00EF6AE3 /* Build configuration list for PBXNativeTarget "BePersistentTests" */ = {
			isa = XCConfigurationList;
			buildConfigurations = (
				71B57CD219C7770E00EF6AE3 /* Debug */,
				71B57CD319C7770E00EF6AE3 /* Release */,
			);
			defaultConfigurationIsVisible = 0;
		};
/* End XCConfigurationList section */
	};
	rootObject = 71B57CA919C7770E00EF6AE3 /* Project object */;
}
